// !$*UTF8*$!
{
	archiveVersion = 1;
	classes = {
	};
	objectVersion = 56;
	objects = {

/* Begin PBXBuildFile section */
		C4FEEC2228F4850F005A477D /* CinemaBookingApp.swift in Sources */ = {isa = PBXBuildFile; fileRef = C4FEEC2128F4850F005A477D /* CinemaBookingApp.swift */; };
		C4FEEC2428F4850F005A477D /* ContentView.swift in Sources */ = {isa = PBXBuildFile; fileRef = C4FEEC2328F4850F005A477D /* ContentView.swift */; };
		C4FEEC2628F48510005A477D /* Assets.xcassets in Resources */ = {isa = PBXBuildFile; fileRef = C4FEEC2528F48510005A477D /* Assets.xcassets */; };
		C4FEEC2928F48510005A477D /* Preview Assets.xcassets in Resources */ = {isa = PBXBuildFile; fileRef = C4FEEC2828F48510005A477D /* Preview Assets.xcassets */; };
		C4FEEC3B28F4858B005A477D /* StatusUI.swift in Sources */ = {isa = PBXBuildFile; fileRef = C4FEEC3028F4858B005A477D /* StatusUI.swift */; };
		C4FEEC3C28F4858B005A477D /* CircleBackground.swift in Sources */ = {isa = PBXBuildFile; fileRef = C4FEEC3128F4858B005A477D /* CircleBackground.swift */; };
		C4FEEC3D28F4858B005A477D /* PosterData.swift in Sources */ = {isa = PBXBuildFile; fileRef = C4FEEC3328F4858B005A477D /* PosterData.swift */; };
		C4FEEC3E28F4858B005A477D /* TicketData.swift in Sources */ = {isa = PBXBuildFile; fileRef = C4FEEC3428F4858B005A477D /* TicketData.swift */; };
		C4FEEC3F28F4858B005A477D /* RoundButton.swift in Sources */ = {isa = PBXBuildFile; fileRef = C4FEEC3728F4858B005A477D /* RoundButton.swift */; };
		C4FEEC4028F4858B005A477D /* CircleButton.swift in Sources */ = {isa = PBXBuildFile; fileRef = C4FEEC3828F4858B005A477D /* CircleButton.swift */; };
		C4FEEC4128F4858B005A477D /* DateButton.swift in Sources */ = {isa = PBXBuildFile; fileRef = C4FEEC3928F4858B005A477D /* DateButton.swift */; };
		C4FEEC4228F4858B005A477D /* TimeButton.swift in Sources */ = {isa = PBXBuildFile; fileRef = C4FEEC3A28F4858B005A477D /* TimeButton.swift */; };
		C4FEEC4628F485A6005A477D /* utils.swift in Sources */ = {isa = PBXBuildFile; fileRef = C4FEEC4528F485A6005A477D /* utils.swift */; };
		C4FEEC4828F485D4005A477D /* TicketView.swift in Sources */ = {isa = PBXBuildFile; fileRef = C4FEEC4728F485D4005A477D /* TicketView.swift */; };
		C4FEEC4B28F48999005A477D /* Ticket.swift in Sources */ = {isa = PBXBuildFile; fileRef = C4FEEC4A28F48999005A477D /* Ticket.swift */; };
		C4FEEC4D28F49133005A477D /* Tickets.swift in Sources */ = {isa = PBXBuildFile; fileRef = C4FEEC4C28F49133005A477D /* Tickets.swift */; };
/* End PBXBuildFile section */

/* Begin PBXFileReference section */
		C4FEEC1E28F4850F005A477D /* CinemaBooking.app */ = {isa = PBXFileReference; explicitFileType = wrapper.application; includeInIndex = 0; path = CinemaBooking.app; sourceTree = BUILT_PRODUCTS_DIR; };
		C4FEEC2128F4850F005A477D /* CinemaBookingApp.swift */ = {isa = PBXFileReference; lastKnownFileType = sourcecode.swift; path = CinemaBookingApp.swift; sourceTree = "<group>"; };
		C4FEEC2328F4850F005A477D /* ContentView.swift */ = {isa = PBXFileReference; lastKnownFileType = sourcecode.swift; path = ContentView.swift; sourceTree = "<group>"; };
		C4FEEC2528F48510005A477D /* Assets.xcassets */ = {isa = PBXFileReference; lastKnownFileType = folder.assetcatalog; path = Assets.xcassets; sourceTree = "<group>"; };
		C4FEEC2828F48510005A477D /* Preview Assets.xcassets */ = {isa = PBXFileReference; lastKnownFileType = folder.assetcatalog; path = "Preview Assets.xcassets"; sourceTree = "<group>"; };
		C4FEEC3028F4858B005A477D /* StatusUI.swift */ = {isa = PBXFileReference; fileEncoding = 4; lastKnownFileType = sourcecode.swift; path = StatusUI.swift; sourceTree = "<group>"; };
		C4FEEC3128F4858B005A477D /* CircleBackground.swift */ = {isa = PBXFileReference; fileEncoding = 4; lastKnownFileType = sourcecode.swift; path = CircleBackground.swift; sourceTree = "<group>"; };
		C4FEEC3328F4858B005A477D /* PosterData.swift */ = {isa = PBXFileReference; fileEncoding = 4; lastKnownFileType = sourcecode.swift; path = PosterData.swift; sourceTree = "<group>"; };
		C4FEEC3428F4858B005A477D /* TicketData.swift */ = {isa = PBXFileReference; fileEncoding = 4; lastKnownFileType = sourcecode.swift; path = TicketData.swift; sourceTree = "<group>"; };
		C4FEEC3728F4858B005A477D /* RoundButton.swift */ = {isa = PBXFileReference; fileEncoding = 4; lastKnownFileType = sourcecode.swift; path = RoundButton.swift; sourceTree = "<group>"; };
		C4FEEC3828F4858B005A477D /* CircleButton.swift */ = {isa = PBXFileReference; fileEncoding = 4; lastKnownFileType = sourcecode.swift; path = CircleButton.swift; sourceTree = "<group>"; };
		C4FEEC3928F4858B005A477D /* DateButton.swift */ = {isa = PBXFileReference; fileEncoding = 4; lastKnownFileType = sourcecode.swift; path = DateButton.swift; sourceTree = "<group>"; };
		C4FEEC3A28F4858B005A477D /* TimeButton.swift */ = {isa = PBXFileReference; fileEncoding = 4; lastKnownFileType = sourcecode.swift; path = TimeButton.swift; sourceTree = "<group>"; };
		C4FEEC4528F485A6005A477D /* utils.swift */ = {isa = PBXFileReference; fileEncoding = 4; lastKnownFileType = sourcecode.swift; path = utils.swift; sourceTree = "<group>"; };
		C4FEEC4728F485D4005A477D /* TicketView.swift */ = {isa = PBXFileReference; lastKnownFileType = sourcecode.swift; path = TicketView.swift; sourceTree = "<group>"; };
		C4FEEC4A28F48999005A477D /* Ticket.swift */ = {isa = PBXFileReference; lastKnownFileType = sourcecode.swift; path = Ticket.swift; sourceTree = "<group>"; };
		C4FEEC4C28F49133005A477D /* Tickets.swift */ = {isa = PBXFileReference; lastKnownFileType = sourcecode.swift; path = Tickets.swift; sourceTree = "<group>"; };
/* End PBXFileReference section */

/* Begin PBXFrameworksBuildPhase section */
		C4FEEC1B28F4850F005A477D /* Frameworks */ = {
			isa = PBXFrameworksBuildPhase;
			buildActionMask = 2147483647;
			files = (
			);
			runOnlyForDeploymentPostprocessing = 0;
		};
/* End PBXFrameworksBuildPhase section */

/* Begin PBXGroup section */
		C4FEEC1528F4850F005A477D = {
			isa = PBXGroup;
			children = (
				C4FEEC2028F4850F005A477D /* CinemaBooking */,
				C4FEEC1F28F4850F005A477D /* Products */,
			);
			sourceTree = "<group>";
		};
		C4FEEC1F28F4850F005A477D /* Products */ = {
			isa = PBXGroup;
			children = (
				C4FEEC1E28F4850F005A477D /* CinemaBooking.app */,
			);
			name = Products;
			sourceTree = "<group>";
		};
		C4FEEC2028F4850F005A477D /* CinemaBooking */ = {
			isa = PBXGroup;
			children = (
				C4FEEC4928F4898D005A477D /* Cards */,
				C4FEEC3628F4858B005A477D /* Buttons */,
				C4FEEC3228F4858B005A477D /* Data */,
				C4FEEC2F28F4858B005A477D /* UI */,
				C4FEEC3528F4858B005A477D /* Views */,
				C4FEEC2128F4850F005A477D /* CinemaBookingApp.swift */,
				C4FEEC2328F4850F005A477D /* ContentView.swift */,
				C4FEEC2528F48510005A477D /* Assets.xcassets */,
				C4FEEC2728F48510005A477D /* Preview Content */,
				C4FEEC4528F485A6005A477D /* utils.swift */,
			);
			path = CinemaBooking;
			sourceTree = "<group>";
		};
		C4FEEC2728F48510005A477D /* Preview Content */ = {
			isa = PBXGroup;
			children = (
				C4FEEC2828F48510005A477D /* Preview Assets.xcassets */,
			);
			path = "Preview Content";
			sourceTree = "<group>";
		};
		C4FEEC2F28F4858B005A477D /* UI */ = {
			isa = PBXGroup;
			children = (
				C4FEEC3028F4858B005A477D /* StatusUI.swift */,
				C4FEEC3128F4858B005A477D /* CircleBackground.swift */,
			);
			path = UI;
			sourceTree = "<group>";
		};
		C4FEEC3228F4858B005A477D /* Data */ = {
			isa = PBXGroup;
			children = (
				C4FEEC3328F4858B005A477D /* PosterData.swift */,
				C4FEEC3428F4858B005A477D /* TicketData.swift */,
			);
			path = Data;
			sourceTree = "<group>";
		};
		C4FEEC3528F4858B005A477D /* Views */ = {
			isa = PBXGroup;
			children = (
				C4FEEC4728F485D4005A477D /* TicketView.swift */,
			);
			path = Views;
			sourceTree = "<group>";
		};
		C4FEEC3628F4858B005A477D /* Buttons */ = {
			isa = PBXGroup;
			children = (
				C4FEEC3728F4858B005A477D /* RoundButton.swift */,
				C4FEEC3828F4858B005A477D /* CircleButton.swift */,
				C4FEEC3928F4858B005A477D /* DateButton.swift */,
				C4FEEC3A28F4858B005A477D /* TimeButton.swift */,
			);
			path = Buttons;
			sourceTree = "<group>";
		};
		C4FEEC4928F4898D005A477D /* Cards */ = {
			isa = PBXGroup;
			children = (
				C4FEEC4A28F48999005A477D /* Ticket.swift */,
				C4FEEC4C28F49133005A477D /* Tickets.swift */,
			);
			path = Cards;
			sourceTree = "<group>";
		};
/* End PBXGroup section */

/* Begin PBXNativeTarget section */
		C4FEEC1D28F4850F005A477D /* CinemaBooking */ = {
			isa = PBXNativeTarget;
			buildConfigurationList = C4FEEC2C28F48510005A477D /* Build configuration list for PBXNativeTarget "CinemaBooking" */;
			buildPhases = (
				C4FEEC1A28F4850F005A477D /* Sources */,
				C4FEEC1B28F4850F005A477D /* Frameworks */,
				C4FEEC1C28F4850F005A477D /* Resources */,
			);
			buildRules = (
			);
			dependencies = (
			);
			name = CinemaBooking;
			productName = CinemaBooking;
			productReference = C4FEEC1E28F4850F005A477D /* CinemaBooking.app */;
			productType = "com.apple.product-type.application";
		};
/* End PBXNativeTarget section */

/* Begin PBXProject section */
		C4FEEC1628F4850F005A477D /* Project object */ = {
			isa = PBXProject;
			attributes = {
				BuildIndependentTargetsInParallel = 1;
				LastSwiftUpdateCheck = 1400;
				LastUpgradeCheck = 1400;
				TargetAttributes = {
					C4FEEC1D28F4850F005A477D = {
						CreatedOnToolsVersion = 14.0;
					};
				};
			};
			buildConfigurationList = C4FEEC1928F4850F005A477D /* Build configuration list for PBXProject "CinemaBooking" */;
			compatibilityVersion = "Xcode 14.0";
			developmentRegion = en;
			hasScannedForEncodings = 0;
			knownRegions = (
				en,
				Base,
			);
			mainGroup = C4FEEC1528F4850F005A477D;
			productRefGroup = C4FEEC1F28F4850F005A477D /* Products */;
			projectDirPath = "";
			projectRoot = "";
			targets = (
				C4FEEC1D28F4850F005A477D /* CinemaBooking */,
			);
		};
/* End PBXProject section */

/* Begin PBXResourcesBuildPhase section */
		C4FEEC1C28F4850F005A477D /* Resources */ = {
			isa = PBXResourcesBuildPhase;
			buildActionMask = 2147483647;
			files = (
				C4FEEC2928F48510005A477D /* Preview Assets.xcassets in Resources */,
				C4FEEC2628F48510005A477D /* Assets.xcassets in Resources */,
			);
			runOnlyForDeploymentPostprocessing = 0;
		};
/* End PBXResourcesBuildPhase section */

/* Begin PBXSourcesBuildPhase section */
		C4FEEC1A28F4850F005A477D /* Sources */ = {
			isa = PBXSourcesBuildPhase;
			buildActionMask = 2147483647;
			files = (
				C4FEEC4228F4858B005A477D /* TimeButton.swift in Sources */,
				C4FEEC4628F485A6005A477D /* utils.swift in Sources */,
				C4FEEC2428F4850F005A477D /* ContentView.swift in Sources */,
				C4FEEC2228F4850F005A477D /* CinemaBookingApp.swift in Sources */,
				C4FEEC3F28F4858B005A477D /* RoundButton.swift in Sources */,
				C4FEEC4028F4858B005A477D /* CircleButton.swift in Sources */,
				C4FEEC4B28F48999005A477D /* Ticket.swift in Sources */,
				C4FEEC4828F485D4005A477D /* TicketView.swift in Sources */,
				C4FEEC3B28F4858B005A477D /* StatusUI.swift in Sources */,
				C4FEEC3E28F4858B005A477D /* TicketData.swift in Sources */,
				C4FEEC3D28F4858B005A477D /* PosterData.swift in Sources */,
				C4FEEC3C28F4858B005A477D /* CircleBackground.swift in Sources */,
				C4FEEC4128F4858B005A477D /* DateButton.swift in Sources */,
				C4FEEC4D28F49133005A477D /* Tickets.swift in Sources */,
			);
			runOnlyForDeploymentPostprocessing = 0;
		};
/* End PBXSourcesBuildPhase section */

/* Begin XCBuildConfiguration section */
		C4FEEC2A28F48510005A477D /* Debug */ = {
			isa = XCBuildConfiguration;
			buildSettings = {
				ALWAYS_SEARCH_USER_PATHS = NO;
				CLANG_ANALYZER_NONNULL = YES;
				CLANG_ANALYZER_NUMBER_OBJECT_CONVERSION = YES_AGGRESSIVE;
				CLANG_CXX_LANGUAGE_STANDARD = "gnu++20";
				CLANG_ENABLE_MODULES = YES;
				CLANG_ENABLE_OBJC_ARC = YES;
				CLANG_ENABLE_OBJC_WEAK = YES;
				CLANG_WARN_BLOCK_CAPTURE_AUTORELEASING = YES;
				CLANG_WARN_BOOL_CONVERSION = YES;
				CLANG_WARN_COMMA = YES;
				CLANG_WARN_CONSTANT_CONVERSION = YES;
				CLANG_WARN_DEPRECATED_OBJC_IMPLEMENTATIONS = YES;
				CLANG_WARN_DIRECT_OBJC_ISA_USAGE = YES_ERROR;
				CLANG_WARN_DOCUMENTATION_COMMENTS = YES;
				CLANG_WARN_EMPTY_BODY = YES;
				CLANG_WARN_ENUM_CONVERSION = YES;
				CLANG_WARN_INFINITE_RECURSION = YES;
				CLANG_WARN_INT_CONVERSION = YES;
				CLANG_WARN_NON_LITERAL_NULL_CONVERSION = YES;
				CLANG_WARN_OBJC_IMPLICIT_RETAIN_SELF = YES;
				CLANG_WARN_OBJC_LITERAL_CONVERSION = YES;
				CLANG_WARN_OBJC_ROOT_CLASS = YES_ERROR;
				CLANG_WARN_QUOTED_INCLUDE_IN_FRAMEWORK_HEADER = YES;
				CLANG_WARN_RANGE_LOOP_ANALYSIS = YES;
				CLANG_WARN_STRICT_PROTOTYPES = YES;
				CLANG_WARN_SUSPICIOUS_MOVE = YES;
				CLANG_WARN_UNGUARDED_AVAILABILITY = YES_AGGRESSIVE;
				CLANG_WARN_UNREACHABLE_CODE = YES;
				CLANG_WARN__DUPLICATE_METHOD_MATCH = YES;
				COPY_PHASE_STRIP = NO;
				DEBUG_INFORMATION_FORMAT = dwarf;
				ENABLE_STRICT_OBJC_MSGSEND = YES;
				ENABLE_TESTABILITY = YES;
				GCC_C_LANGUAGE_STANDARD = gnu11;
				GCC_DYNAMIC_NO_PIC = NO;
				GCC_NO_COMMON_BLOCKS = YES;
				GCC_OPTIMIZATION_LEVEL = 0;
				GCC_PREPROCESSOR_DEFINITIONS = (
					"DEBUG=1",
					"$(inherited)",
				);
				GCC_WARN_64_TO_32_BIT_CONVERSION = YES;
				GCC_WARN_ABOUT_RETURN_TYPE = YES_ERROR;
				GCC_WARN_UNDECLARED_SELECTOR = YES;
				GCC_WARN_UNINITIALIZED_AUTOS = YES_AGGRESSIVE;
				GCC_WARN_UNUSED_FUNCTION = YES;
				GCC_WARN_UNUSED_VARIABLE = YES;
				IPHONEOS_DEPLOYMENT_TARGET = 16.0;
				MTL_ENABLE_DEBUG_INFO = INCLUDE_SOURCE;
				MTL_FAST_MATH = YES;
				ONLY_ACTIVE_ARCH = YES;
				SDKROOT = iphoneos;
				SWIFT_ACTIVE_COMPILATION_CONDITIONS = DEBUG;
				SWIFT_OPTIMIZATION_LEVEL = "-Onone";
			};
			name = Debug;
		};
		C4FEEC2B28F48510005A477D /* Release */ = {
			isa = XCBuildConfiguration;
			buildSettings = {
				ALWAYS_SEARCH_USER_PATHS = NO;
				CLANG_ANALYZER_NONNULL = YES;
				CLANG_ANALYZER_NUMBER_OBJECT_CONVERSION = YES_AGGRESSIVE;
				CLANG_CXX_LANGUAGE_STANDARD = "gnu++20";
				CLANG_ENABLE_MODULES = YES;
				CLANG_ENABLE_OBJC_ARC = YES;
				CLANG_ENABLE_OBJC_WEAK = YES;
				CLANG_WARN_BLOCK_CAPTURE_AUTORELEASING = YES;
				CLANG_WARN_BOOL_CONVERSION = YES;
				CLANG_WARN_COMMA = YES;
				CLANG_WARN_CONSTANT_CONVERSION = YES;
				CLANG_WARN_DEPRECATED_OBJC_IMPLEMENTATIONS = YES;
				CLANG_WARN_DIRECT_OBJC_ISA_USAGE = YES_ERROR;
				CLANG_WARN_DOCUMENTATION_COMMENTS = YES;
				CLANG_WARN_EMPTY_BODY = YES;
				CLANG_WARN_ENUM_CONVERSION = YES;
				CLANG_WARN_INFINITE_RECURSION = YES;
				CLANG_WARN_INT_CONVERSION = YES;
				CLANG_WARN_NON_LITERAL_NULL_CONVERSION = YES;
				CLANG_WARN_OBJC_IMPLICIT_RETAIN_SELF = YES;
				CLANG_WARN_OBJC_LITERAL_CONVERSION = YES;
				CLANG_WARN_OBJC_ROOT_CLASS = YES_ERROR;
				CLANG_WARN_QUOTED_INCLUDE_IN_FRAMEWORK_HEADER = YES;
				CLANG_WARN_RANGE_LOOP_ANALYSIS = YES;
				CLANG_WARN_STRICT_PROTOTYPES = YES;
				CLANG_WARN_SUSPICIOUS_MOVE = YES;
				CLANG_WARN_UNGUARDED_AVAILABILITY = YES_AGGRESSIVE;
				CLANG_WARN_UNREACHABLE_CODE = YES;
				CLANG_WARN__DUPLICATE_METHOD_MATCH = YES;
				COPY_PHASE_STRIP = NO;
				DEBUG_INFORMATION_FORMAT = "dwarf-with-dsym";
				ENABLE_NS_ASSERTIONS = NO;
				ENABLE_STRICT_OBJC_MSGSEND = YES;
				GCC_C_LANGUAGE_STANDARD = gnu11;
				GCC_NO_COMMON_BLOCKS = YES;
				GCC_WARN_64_TO_32_BIT_CONVERSION = YES;
				GCC_WARN_ABOUT_RETURN_TYPE = YES_ERROR;
				GCC_WARN_UNDECLARED_SELECTOR = YES;
				GCC_WARN_UNINITIALIZED_AUTOS = YES_AGGRESSIVE;
				GCC_WARN_UNUSED_FUNCTION = YES;
				GCC_WARN_UNUSED_VARIABLE = YES;
				IPHONEOS_DEPLOYMENT_TARGET = 16.0;
				MTL_ENABLE_DEBUG_INFO = NO;
				MTL_FAST_MATH = YES;
				SDKROOT = iphoneos;
				SWIFT_COMPILATION_MODE = wholemodule;
				SWIFT_OPTIMIZATION_LEVEL = "-O";
				VALIDATE_PRODUCT = YES;
			};
			name = Release;
		};
		C4FEEC2D28F48510005A477D /* Debug */ = {
			isa = XCBuildConfiguration;
			buildSettings = {
				ASSETCATALOG_COMPILER_APPICON_NAME = AppIcon;
				ASSETCATALOG_COMPILER_GLOBAL_ACCENT_COLOR_NAME = AccentColor;
				CODE_SIGN_STYLE = Automatic;
				CURRENT_PROJECT_VERSION = 1;
				DEVELOPMENT_ASSET_PATHS = "\"CinemaBooking/Preview Content\"";
				DEVELOPMENT_TEAM = J4JD84FNLS;
				ENABLE_PREVIEWS = YES;
				GENERATE_INFOPLIST_FILE = YES;
				INFOPLIST_KEY_UIApplicationSceneManifest_Generation = YES;
				INFOPLIST_KEY_UIApplicationSupportsIndirectInputEvents = YES;
				INFOPLIST_KEY_UILaunchScreen_Generation = YES;
				INFOPLIST_KEY_UISupportedInterfaceOrientations_iPad = "UIInterfaceOrientationPortrait UIInterfaceOrientationPortraitUpsideDown UIInterfaceOrientationLandscapeLeft UIInterfaceOrientationLandscapeRight";
				INFOPLIST_KEY_UISupportedInterfaceOrientations_iPhone = "UIInterfaceOrientationPortrait UIInterfaceOrientationLandscapeLeft UIInterfaceOrientationLandscapeRight";
				LD_RUNPATH_SEARCH_PATHS = (
					"$(inherited)",
					"@executable_path/Frameworks",
				);
				MARKETING_VERSION = 1.0;
				PRODUCT_BUNDLE_IDENTIFIER = com.nickrice.CinemaBooking;
				PRODUCT_NAME = "$(TARGET_NAME)";
				SWIFT_EMIT_LOC_STRINGS = YES;
				SWIFT_VERSION = 5.0;
				TARGETED_DEVICE_FAMILY = "1,2";
			};
			name = Debug;
		};
		C4FEEC2E28F48510005A477D /* Release */ = {
			isa = XCBuildConfiguration;
			buildSettings = {
				ASSETCATALOG_COMPILER_APPICON_NAME = AppIcon;
				ASSETCATALOG_COMPILER_GLOBAL_ACCENT_COLOR_NAME = AccentColor;
				CODE_SIGN_STYLE = Automatic;
				CURRENT_PROJECT_VERSION = 1;
				DEVELOPMENT_ASSET_PATHS = "\"CinemaBooking/Preview Content\"";
				DEVELOPMENT_TEAM = J4JD84FNLS;
				ENABLE_PREVIEWS = YES;
				GENERATE_INFOPLIST_FILE = YES;
				INFOPLIST_KEY_UIApplicationSceneManifest_Generation = YES;
				INFOPLIST_KEY_UIApplicationSupportsIndirectInputEvents = YES;
				INFOPLIST_KEY_UILaunchScreen_Generation = YES;
				INFOPLIST_KEY_UISupportedInterfaceOrientations_iPad = "UIInterfaceOrientationPortrait UIInterfaceOrientationPortraitUpsideDown UIInterfaceOrientationLandscapeLeft UIInterfaceOrientationLandscapeRight";
				INFOPLIST_KEY_UISupportedInterfaceOrientations_iPhone = "UIInterfaceOrientationPortrait UIInterfaceOrientationLandscapeLeft UIInterfaceOrientationLandscapeRight";
				LD_RUNPATH_SEARCH_PATHS = (
					"$(inherited)",
					"@executable_path/Frameworks",
				);
				MARKETING_VERSION = 1.0;
				PRODUCT_BUNDLE_IDENTIFIER = com.nickrice.CinemaBooking;
				PRODUCT_NAME = "$(TARGET_NAME)";
				SWIFT_EMIT_LOC_STRINGS = YES;
				SWIFT_VERSION = 5.0;
				TARGETED_DEVICE_FAMILY = "1,2";
			};
			name = Release;
		};
/* End XCBuildConfiguration section */

/* Begin XCConfigurationList section */
		C4FEEC1928F4850F005A477D /* Build configuration list for PBXProject "CinemaBooking" */ = {
			isa = XCConfigurationList;
			buildConfigurations = (
				C4FEEC2A28F48510005A477D /* Debug */,
				C4FEEC2B28F48510005A477D /* Release */,
			);
			defaultConfigurationIsVisible = 0;
			defaultConfigurationName = Release;
		};
		C4FEEC2C28F48510005A477D /* Build configuration list for PBXNativeTarget "CinemaBooking" */ = {
			isa = XCConfigurationList;
			buildConfigurations = (
				C4FEEC2D28F48510005A477D /* Debug */,
				C4FEEC2E28F48510005A477D /* Release */,
			);
			defaultConfigurationIsVisible = 0;
			defaultConfigurationName = Release;
		};
/* End XCConfigurationList section */
	};
	rootObject = C4FEEC1628F4850F005A477D /* Project object */;
}
